
Microsoft Visual Studio Solution File, Format Version 12.00
# Visual Studio Version 16
VisualStudioVersion = 16.0.31129.286
MinimumVisualStudioVersion = 10.0.40219.1
Project("{FAE04EC0-301F-11D3-BF4B-00C04F79EFBC}") = "JobFindingApp", "JobFindingApp\JobFindingApp.csproj", "{3EDA4735-0EF8-4309-9028-34C5420BC250}"
EndProject
Project("{FAE04EC0-301F-11D3-BF4B-00C04F79EFBC}") = "AppDbCore", "AppDbCore\AppDbCore.csproj", "{7ED8A378-9850-48A8-A4F8-907757D24F36}"
EndProject
Project("{FAE04EC0-301F-11D3-BF4B-00C04F79EFBC}") = "JobFindingModels", "JobFindingModels\JobFindingModels.csproj", "{9465A692-DE0D-4BB1-8692-AB215A6C7320}"
EndProject
Global
	GlobalSection(SolutionConfigurationPlatforms) = preSolution
		Debug|Any CPU = Debug|Any CPU
		Release|Any CPU = Release|Any CPU
	EndGlobalSection
	GlobalSection(ProjectConfigurationPlatforms) = postSolution
		{3EDA4735-0EF8-4309-9028-34C5420BC250}.Debug|Any CPU.ActiveCfg = Debug|Any CPU
		{3EDA4735-0EF8-4309-9028-34C5420BC250}.Debug|Any CPU.Build.0 = Debug|Any CPU
		{3EDA4735-0EF8-4309-9028-34C5420BC250}.Release|Any CPU.ActiveCfg = Release|Any CPU
		{3EDA4735-0EF8-4309-9028-34C5420BC250}.Release|Any CPU.Build.0 = Release|Any CPU
		{7ED8A378-9850-48A8-A4F8-907757D24F36}.Debug|Any CPU.ActiveCfg = Debug|Any CPU
		{7ED8A378-9850-48A8-A4F8-907757D24F36}.Debug|Any CPU.Build.0 = Debug|Any CPU
		{7ED8A378-9850-48A8-A4F8-907757D24F36}.Release|Any CPU.ActiveCfg = Release|Any CPU
		{7ED8A378-9850-48A8-A4F8-907757D24F36}.Release|Any CPU.Build.0 = Release|Any CPU
		{9465A692-DE0D-4BB1-8692-AB215A6C7320}.Debug|Any CPU.ActiveCfg = Debug|Any CPU
		{9465A692-DE0D-4BB1-8692-AB215A6C7320}.Debug|Any CPU.Build.0 = Debug|Any CPU
		{9465A692-DE0D-4BB1-8692-AB215A6C7320}.Release|Any CPU.ActiveCfg = Release|Any CPU
		{9465A692-DE0D-4BB1-8692-AB215A6C7320}.Release|Any CPU.Build.0 = Release|Any CPU
	EndGlobalSection
	GlobalSection(SolutionProperties) = preSolution
		HideSolutionNode = FALSE
	EndGlobalSection
	GlobalSection(ExtensibilityGlobals) = postSolution
		SolutionGuid = {06BA58D0-22EB-4E96-B1E7-7C0EFBD54AF6}
	EndGlobalSection
EndGlobal
